
Microsoft Visual Studio Solution File, Format Version 12.00
# Visual Studio 2013
VisualStudioVersion = 12.0.31101.0
MinimumVisualStudioVersion = 10.0.40219.1
Project("{8BC9CEB8-8B4A-11D0-8D11-00A0C91BC942}") = "7 - Arrays", "7 - Arrays\7 - Arrays.vcxproj", "{8F9A6256-D210-4E5B-9C4B-8D6BF47AD058}"
EndProject
Global
	GlobalSection(SolutionConfigurationPlatforms) = preSolution
		Debug|Win32 = Debug|Win32
		Release|Win32 = Release|Win32
	EndGlobalSection
	GlobalSection(ProjectConfigurationPlatforms) = postSolution
		{8F9A6256-D210-4E5B-9C4B-8D6BF47AD058}.Debug|Win32.ActiveCfg = Debug|Win32
		{8F9A6256-D210-4E5B-9C4B-8D6BF47AD058}.Debug|Win32.Build.0 = Debug|Win32
		{8F9A6256-D210-4E5B-9C4B-8D6BF47AD058}.Release|Win32.ActiveCfg = Release|Win32
		{8F9A6256-D210-4E5B-9C4B-8D6BF47AD058}.Release|Win32.Build.0 = Release|Win32
	EndGlobalSection
	GlobalSection(SolutionProperties) = preSolution
		HideSolutionNode = FALSE
	EndGlobalSection
EndGlobal
